
Microsoft Visual Studio Solution File, Format Version 12.00
# Visual Studio Version 16
VisualStudioVersion = 16.0.32002.261
MinimumVisualStudioVersion = 10.0.40219.1
Project("{FAE04EC0-301F-11D3-BF4B-00C04F79EFBC}") = "DelegateDemo1", "DelegateDemo1\DelegateDemo1.csproj", "{D6D578C5-E196-439A-A335-D99459F6903D}"
EndProject
Global
	GlobalSection(SolutionConfigurationPlatforms) = preSolution
		Debug|Any CPU = Debug|Any CPU
		Release|Any CPU = Release|Any CPU
	EndGlobalSection
	GlobalSection(ProjectConfigurationPlatforms) = postSolution
		{D6D578C5-E196-439A-A335-D99459F6903D}.Debug|Any CPU.ActiveCfg = Debug|Any CPU
		{D6D578C5-E196-439A-A335-D99459F6903D}.Debug|Any CPU.Build.0 = Debug|Any CPU
		{D6D578C5-E196-439A-A335-D99459F6903D}.Release|Any CPU.ActiveCfg = Release|Any CPU
		{D6D578C5-E196-439A-A335-D99459F6903D}.Release|Any CPU.Build.0 = Release|Any CPU
	EndGlobalSection
	GlobalSection(SolutionProperties) = preSolution
		HideSolutionNode = FALSE
	EndGlobalSection
	GlobalSection(ExtensibilityGlobals) = postSolution
		SolutionGuid = {46531B7E-E5C1-4990-ACCF-9DC973C9572B}
	EndGlobalSection
EndGlobal
